{
  "name": "graphviz",
  "lockfileVersion": 3,
  "requires": true,
  "packages": {
    "": {
      "dependencies": {
        "@hpcc-js/wasm-graphviz": "^1.7.0"
      }
    },
    "node_modules/@hpcc-js/wasm-graphviz": {
      "version": "1.7.0",
      "resolved": "https://registry.npmjs.org/@hpcc-js/wasm-graphviz/-/wasm-graphviz-1.7.0.tgz",
      "integrity": "sha512-/1XEmubfDz1UolKiVh6H4BrGX0DZwR39Y2h76LdqR17FZ3gCJoUs4jV7kUywedXerbwx1szhU3dBsNcvkEmjiQ=="
    }
  }
}
