{
    "name": "nodejs-helpers",
    "lockfileVersion": 3,
    "requires": true,
    "packages": {
        "": {
            "dependencies": {
                "@hpcc-js/wasm-graphviz": "^1.7.0",
                "highlight.js": "^11.11.1",
                "katex": "^0.16.22"
            }
        },
        "node_modules/@hpcc-js/wasm-graphviz": {
            "version": "1.7.0",
            "resolved": "https://registry.npmjs.org/@hpcc-js/wasm-graphviz/-/wasm-graphviz-1.7.0.tgz",
            "integrity": "sha512-/1XEmubfDz1UolKiVh6H4BrGX0DZwR39Y2h76LdqR17FZ3gCJoUs4jV7kUywedXerbwx1szhU3dBsNcvkEmjiQ=="
        },
        "node_modules/commander": {
            "version": "8.3.0",
            "resolved": "https://registry.npmjs.org/commander/-/commander-8.3.0.tgz",
            "integrity": "sha512-OkTL9umf+He2DZkUq8f8J9of7yL6RJKI24dVITBmNfZBmri9zYZQrKkuXiKhyfPSu8tUhnVBB1iKXevvnlR4Ww==",
            "engines": {
                "node": ">= 12"
            }
        },
        "node_modules/highlight.js": {
            "version": "11.11.1",
            "resolved": "https://registry.npmjs.org/highlight.js/-/highlight.js-11.11.1.tgz",
            "integrity": "sha512-Xwwo44whKBVCYoliBQwaPvtd/2tYFkRQtXDWj1nackaV2JPXx3L0+Jvd8/qCJ2p+ML0/XVkJ2q+Mr+UVdpJK5w==",
            "engines": {
                "node": ">=12.0.0"
            }
        },
        "node_modules/katex": {
            "version": "0.16.22",
            "resolved": "https://registry.npmjs.org/katex/-/katex-0.16.22.tgz",
            "integrity": "sha512-XCHRdUw4lf3SKBaJe4EvgqIuWwkPSo9XoeO8GjQW94Bp7TWv9hNhzZjZ+OH9yf1UmLygb7DIT5GSFQiyt16zYg==",
            "funding": [
                "https://opencollective.com/katex",
                "https://github.com/sponsors/katex"
            ],
            "dependencies": {
                "commander": "^8.3.0"
            },
            "bin": {
                "katex": "cli.js"
            }
        }
    }
}
