{
  "name": "highlightjs",
  "lockfileVersion": 3,
  "requires": true,
  "packages": {
    "": {
      "dependencies": {
        "@apple/highlightjs-pkl": "^1.0.1",
        "highlight.js": "^11.11.1"
      }
    },
    "node_modules/@apple/highlightjs-pkl": {
      "version": "1.0.1",
      "resolved": "https://registry.npmjs.org/@apple/highlightjs-pkl/-/highlightjs-pkl-1.0.1.tgz",
      "integrity": "sha512-AYoR/X1W5HlT9elhCjB6cQ6Zs0rvT14o4SJRw2M8lCBP6ceK9LgbHaMRxydikU2Xjmzt0XEYCPzS63+kar35xg==",
      "license": "Apache-2.0",
      "dependencies": {
        "highlight.js": "^11.11.1"
      }
    },
    "node_modules/highlight.js": {
      "version": "11.11.1",
      "resolved": "https://registry.npmjs.org/highlight.js/-/highlight.js-11.11.1.tgz",
      "integrity": "sha512-Xwwo44whKBVCYoliBQwaPvtd/2tYFkRQtXDWj1nackaV2JPXx3L0+Jvd8/qCJ2p+ML0/XVkJ2q+Mr+UVdpJK5w==",
      "engines": {
        "node": ">=12.0.0"
      }
    }
  }
}
